Microsoft Visual Studio Solution File, Format Version 11.00
# Visual Studio 2008

Project("{225F5317-AA20-5699-0B00-C884D4AF243D}") = "GDGTest1", "Assembly-CSharp.csproj", "{3AD08516-6988-B8FB-8DDB-5F6A2B91C449}"
EndProject
Global
	GlobalSection(SolutionConfigurationPlatforms) = preSolution
		Debug|Any CPU = Debug|Any CPU
		Release|Any CPU = Release|Any CPU
	EndGlobalSection
	GlobalSection(ProjectConfigurationPlatforms) = postSolution
		{3AD08516-6988-B8FB-8DDB-5F6A2B91C449}.Debug|Any CPU.ActiveCfg = Debug|Any CPU
		{3AD08516-6988-B8FB-8DDB-5F6A2B91C449}.Debug|Any CPU.Build.0 = Debug|Any CPU
		{3AD08516-6988-B8FB-8DDB-5F6A2B91C449}.Release|Any CPU.ActiveCfg = Release|Any CPU
		{3AD08516-6988-B8FB-8DDB-5F6A2B91C449}.Release|Any CPU.Build.0 = Release|Any CPU
	EndGlobalSection
	GlobalSection(SolutionProperties) = preSolution
		HideSolutionNode = FALSE
	EndGlobalSection
	GlobalSection(MonoDevelopProperties) = preSolution
		StartupItem = Assembly-CSharp.csproj
	EndGlobalSection
EndGlobal
